
Microsoft Visual Studio Solution File, Format Version 12.00
# Visual Studio Version 17
VisualStudioVersion = 17.10.34607.79
MinimumVisualStudioVersion = 10.0.40219.1
Project("{2150E333-8FDC-42A3-9474-1A3956D46DE8}") = "src", "src", "{FDC7714F-9527-43CA-8F53-F03BFB549BB3}"
EndProject
Project("{2150E333-8FDC-42A3-9474-1A3956D46DE8}") = "core", "core", "{706EC576-5886-465A-85FF-31CB108AE8AC}"
EndProject
Project("{2150E333-8FDC-42A3-9474-1A3956D46DE8}") = "infrastructure", "infrastructure", "{88CF9FBA-EFB1-439F-BB6A-F642228D3D78}"
EndProject
Project("{2150E333-8FDC-42A3-9474-1A3956D46DE8}") = "clients", "clients", "{247F2D10-F7EC-4AB4-A0E7-EADBF23B28DE}"
EndProject
Project("{2150E333-8FDC-42A3-9474-1A3956D46DE8}") = "sharedKernal", "sharedKernal", "{41CD39D8-0D07-4D3B-977F-1DB1966539AE}"
EndProject
Project("{9A19103F-16F7-4668-BE54-9A1E7A4F7556}") = "application", "core\application\application.csproj", "{ACCF17E1-0A1F-4B5A-92B0-9F3AD52B0AD5}"
EndProject
Project("{9A19103F-16F7-4668-BE54-9A1E7A4F7556}") = "domain", "core\domain\domain.csproj", "{9617F8FF-539F-4D0D-A8F3-77755717DB9B}"
EndProject
Project("{2150E333-8FDC-42A3-9474-1A3956D46DE8}") = "persistence", "persistence", "{4F3B913F-4378-41DE-BA57-44665E81B802}"
EndProject
Project("{9A19103F-16F7-4668-BE54-9A1E7A4F7556}") = "persistence", "infrastructure\persistence\persistence\persistence.csproj", "{C347DF9A-933C-4080-A8B4-CB63C3F0E287}"
EndProject
Project("{9A19103F-16F7-4668-BE54-9A1E7A4F7556}") = "sharedKernal", "shared\sharedKernal\sharedKernal.csproj", "{1739EBB7-5A43-4028-9D50-8EF9D74EA693}"
EndProject
Project("{9A19103F-16F7-4668-BE54-9A1E7A4F7556}") = "API", "client\API\API.csproj", "{7712F43A-546F-49C8-A8F4-DBA1C80A2CCF}"
EndProject
Project("{2150E333-8FDC-42A3-9474-1A3956D46DE8}") = "caching", "caching", "{376EB1F2-B8F0-4025-8FA7-9F1B0D2A1BC2}"
EndProject
Project("{FAE04EC0-301F-11D3-BF4B-00C04F79EFBC}") = "cachingManager", "infrastructure\caching-manager\cachingManager\cachingManager.csproj", "{07B143F1-8339-4C30-963F-7A7E804E9A2C}"
EndProject
Global
	GlobalSection(SolutionConfigurationPlatforms) = preSolution
		Debug|Any CPU = Debug|Any CPU
		Release|Any CPU = Release|Any CPU
	EndGlobalSection
	GlobalSection(ProjectConfigurationPlatforms) = postSolution
		{ACCF17E1-0A1F-4B5A-92B0-9F3AD52B0AD5}.Debug|Any CPU.ActiveCfg = Debug|Any CPU
		{ACCF17E1-0A1F-4B5A-92B0-9F3AD52B0AD5}.Debug|Any CPU.Build.0 = Debug|Any CPU
		{ACCF17E1-0A1F-4B5A-92B0-9F3AD52B0AD5}.Release|Any CPU.ActiveCfg = Release|Any CPU
		{ACCF17E1-0A1F-4B5A-92B0-9F3AD52B0AD5}.Release|Any CPU.Build.0 = Release|Any CPU
		{9617F8FF-539F-4D0D-A8F3-77755717DB9B}.Debug|Any CPU.ActiveCfg = Debug|Any CPU
		{9617F8FF-539F-4D0D-A8F3-77755717DB9B}.Debug|Any CPU.Build.0 = Debug|Any CPU
		{9617F8FF-539F-4D0D-A8F3-77755717DB9B}.Release|Any CPU.ActiveCfg = Release|Any CPU
		{9617F8FF-539F-4D0D-A8F3-77755717DB9B}.Release|Any CPU.Build.0 = Release|Any CPU
		{C347DF9A-933C-4080-A8B4-CB63C3F0E287}.Debug|Any CPU.ActiveCfg = Debug|Any CPU
		{C347DF9A-933C-4080-A8B4-CB63C3F0E287}.Debug|Any CPU.Build.0 = Debug|Any CPU
		{C347DF9A-933C-4080-A8B4-CB63C3F0E287}.Release|Any CPU.ActiveCfg = Release|Any CPU
		{C347DF9A-933C-4080-A8B4-CB63C3F0E287}.Release|Any CPU.Build.0 = Release|Any CPU
		{1739EBB7-5A43-4028-9D50-8EF9D74EA693}.Debug|Any CPU.ActiveCfg = Debug|Any CPU
		{1739EBB7-5A43-4028-9D50-8EF9D74EA693}.Debug|Any CPU.Build.0 = Debug|Any CPU
		{1739EBB7-5A43-4028-9D50-8EF9D74EA693}.Release|Any CPU.ActiveCfg = Release|Any CPU
		{1739EBB7-5A43-4028-9D50-8EF9D74EA693}.Release|Any CPU.Build.0 = Release|Any CPU
		{7712F43A-546F-49C8-A8F4-DBA1C80A2CCF}.Debug|Any CPU.ActiveCfg = Debug|Any CPU
		{7712F43A-546F-49C8-A8F4-DBA1C80A2CCF}.Debug|Any CPU.Build.0 = Debug|Any CPU
		{7712F43A-546F-49C8-A8F4-DBA1C80A2CCF}.Release|Any CPU.ActiveCfg = Release|Any CPU
		{7712F43A-546F-49C8-A8F4-DBA1C80A2CCF}.Release|Any CPU.Build.0 = Release|Any CPU
		{07B143F1-8339-4C30-963F-7A7E804E9A2C}.Debug|Any CPU.ActiveCfg = Debug|Any CPU
		{07B143F1-8339-4C30-963F-7A7E804E9A2C}.Debug|Any CPU.Build.0 = Debug|Any CPU
		{07B143F1-8339-4C30-963F-7A7E804E9A2C}.Release|Any CPU.ActiveCfg = Release|Any CPU
		{07B143F1-8339-4C30-963F-7A7E804E9A2C}.Release|Any CPU.Build.0 = Release|Any CPU
	EndGlobalSection
	GlobalSection(SolutionProperties) = preSolution
		HideSolutionNode = FALSE
	EndGlobalSection
	GlobalSection(NestedProjects) = preSolution
		{706EC576-5886-465A-85FF-31CB108AE8AC} = {FDC7714F-9527-43CA-8F53-F03BFB549BB3}
		{88CF9FBA-EFB1-439F-BB6A-F642228D3D78} = {FDC7714F-9527-43CA-8F53-F03BFB549BB3}
		{247F2D10-F7EC-4AB4-A0E7-EADBF23B28DE} = {FDC7714F-9527-43CA-8F53-F03BFB549BB3}
		{41CD39D8-0D07-4D3B-977F-1DB1966539AE} = {FDC7714F-9527-43CA-8F53-F03BFB549BB3}
		{ACCF17E1-0A1F-4B5A-92B0-9F3AD52B0AD5} = {706EC576-5886-465A-85FF-31CB108AE8AC}
		{9617F8FF-539F-4D0D-A8F3-77755717DB9B} = {706EC576-5886-465A-85FF-31CB108AE8AC}
		{4F3B913F-4378-41DE-BA57-44665E81B802} = {88CF9FBA-EFB1-439F-BB6A-F642228D3D78}
		{C347DF9A-933C-4080-A8B4-CB63C3F0E287} = {4F3B913F-4378-41DE-BA57-44665E81B802}
		{1739EBB7-5A43-4028-9D50-8EF9D74EA693} = {41CD39D8-0D07-4D3B-977F-1DB1966539AE}
		{7712F43A-546F-49C8-A8F4-DBA1C80A2CCF} = {247F2D10-F7EC-4AB4-A0E7-EADBF23B28DE}
		{376EB1F2-B8F0-4025-8FA7-9F1B0D2A1BC2} = {88CF9FBA-EFB1-439F-BB6A-F642228D3D78}
		{07B143F1-8339-4C30-963F-7A7E804E9A2C} = {376EB1F2-B8F0-4025-8FA7-9F1B0D2A1BC2}
	EndGlobalSection
	GlobalSection(ExtensibilityGlobals) = postSolution
		SolutionGuid = {ED3D0921-EA7C-44A9-B85F-1D72C5EF06CE}
	EndGlobalSection
EndGlobal
